// !$*UTF8*$!
{
	archiveVersion = 1;
	classes = {
	};
	objectVersion = 46;
	objects = {

/* Begin PBXBuildFile section */
		33C7483A1AB3441200A2417D /* main.m in Sources */ = {isa = PBXBuildFile; fileRef = 33C748391AB3441200A2417D /* main.m */; };
		33C7483D1AB3441200A2417D /* AppDelegate.m in Sources */ = {isa = PBXBuildFile; fileRef = 33C7483C1AB3441200A2417D /* AppDelegate.m */; };
		33C748401AB3441200A2417D /* ViewController.m in Sources */ = {isa = PBXBuildFile; fileRef = 33C7483F1AB3441200A2417D /* ViewController.m */; };
		33C748431AB3441200A2417D /* Main.storyboard in Resources */ = {isa = PBXBuildFile; fileRef = 33C748411AB3441200A2417D /* Main.storyboard */; };
		33C748451AB3441200A2417D /* Images.xcassets in Resources */ = {isa = PBXBuildFile; fileRef = 33C748441AB3441200A2417D /* Images.xcassets */; };
		33C748481AB3441200A2417D /* LaunchScreen.xib in Resources */ = {isa = PBXBuildFile; fileRef = 33C748461AB3441200A2417D /* LaunchScreen.xib */; };
		33C748541AB3441200A2417D /* AssesmentOneTests.m in Sources */ = {isa = PBXBuildFile; fileRef = 33C748531AB3441200A2417D /* AssesmentOneTests.m */; };
/* End PBXBuildFile section */

/* Begin PBXContainerItemProxy section */
		33C7484E1AB3441200A2417D /* PBXContainerItemProxy */ = {
			isa = PBXContainerItemProxy;
			containerPortal = 33C7482C1AB3441200A2417D /* Project object */;
			proxyType = 1;
			remoteGlobalIDString = 33C748331AB3441200A2417D;
			remoteInfo = AssesmentOne;
		};
/* End PBXContainerItemProxy section */

/* Begin PBXFileReference section */
		33C748341AB3441200A2417D /* AssesmentOne.app */ = {isa = PBXFileReference; explicitFileType = wrapper.application; includeInIndex = 0; path = AssesmentOne.app; sourceTree = BUILT_PRODUCTS_DIR; };
		33C748381AB3441200A2417D /* Info.plist */ = {isa = PBXFileReference; lastKnownFileType = text.plist.xml; path = Info.plist; sourceTree = "<group>"; };
		33C748391AB3441200A2417D /* main.m */ = {isa = PBXFileReference; lastKnownFileType = sourcecode.c.objc; path = main.m; sourceTree = "<group>"; };
		33C7483B1AB3441200A2417D /* AppDelegate.h */ = {isa = PBXFileReference; lastKnownFileType = sourcecode.c.h; path = AppDelegate.h; sourceTree = "<group>"; };
		33C7483C1AB3441200A2417D /* AppDelegate.m */ = {isa = PBXFileReference; lastKnownFileType = sourcecode.c.objc; path = AppDelegate.m; sourceTree = "<group>"; };
		33C7483E1AB3441200A2417D /* ViewController.h */ = {isa = PBXFileReference; lastKnownFileType = sourcecode.c.h; path = ViewController.h; sourceTree = "<group>"; };
		33C7483F1AB3441200A2417D /* ViewController.m */ = {isa = PBXFileReference; lastKnownFileType = sourcecode.c.objc; path = ViewController.m; sourceTree = "<group>"; };
		33C748421AB3441200A2417D /* Base */ = {isa = PBXFileReference; lastKnownFileType = file.storyboard; name = Base; path = Base.lproj/Main.storyboard; sourceTree = "<group>"; };
		33C748441AB3441200A2417D /* Images.xcassets */ = {isa = PBXFileReference; lastKnownFileType = folder.assetcatalog; path = Images.xcassets; sourceTree = "<group>"; };
		33C748471AB3441200A2417D /* Base */ = {isa = PBXFileReference; lastKnownFileType = file.xib; name = Base; path = Base.lproj/LaunchScreen.xib; sourceTree = "<group>"; };
		33C7484D1AB3441200A2417D /* AssesmentOneTests.xctest */ = {isa = PBXFileReference; explicitFileType = wrapper.cfbundle; includeInIndex = 0; path = AssesmentOneTests.xctest; sourceTree = BUILT_PRODUCTS_DIR; };
		33C748521AB3441200A2417D /* Info.plist */ = {isa = PBXFileReference; lastKnownFileType = text.plist.xml; path = Info.plist; sourceTree = "<group>"; };
		33C748531AB3441200A2417D /* AssesmentOneTests.m */ = {isa = PBXFileReference; lastKnownFileType = sourcecode.c.objc; path = AssesmentOneTests.m; sourceTree = "<group>"; };
/* End PBXFileReference section */

/* Begin PBXFrameworksBuildPhase section */
		33C748311AB3441200A2417D /* Frameworks */ = {
			isa = PBXFrameworksBuildPhase;
			buildActionMask = 2147483647;
			files = (
			);
			runOnlyForDeploymentPostprocessing = 0;
		};
		33C7484A1AB3441200A2417D /* Frameworks */ = {
			isa = PBXFrameworksBuildPhase;
			buildActionMask = 2147483647;
			files = (
			);
			runOnlyForDeploymentPostprocessing = 0;
		};
/* End PBXFrameworksBuildPhase section */

/* Begin PBXGroup section */
		33C7482B1AB3441200A2417D = {
			isa = PBXGroup;
			children = (
				33C748361AB3441200A2417D /* AssesmentOne */,
				33C748501AB3441200A2417D /* AssesmentOneTests */,
				33C748351AB3441200A2417D /* Products */,
			);
			sourceTree = "<group>";
		};
		33C748351AB3441200A2417D /* Products */ = {
			isa = PBXGroup;
			children = (
				33C748341AB3441200A2417D /* AssesmentOne.app */,
				33C7484D1AB3441200A2417D /* AssesmentOneTests.xctest */,
			);
			name = Products;
			sourceTree = "<group>";
		};
		33C748361AB3441200A2417D /* AssesmentOne */ = {
			isa = PBXGroup;
			children = (
				33C7483B1AB3441200A2417D /* AppDelegate.h */,
				33C7483C1AB3441200A2417D /* AppDelegate.m */,
				33C7483E1AB3441200A2417D /* ViewController.h */,
				33C7483F1AB3441200A2417D /* ViewController.m */,
				33C748411AB3441200A2417D /* Main.storyboard */,
				33C748441AB3441200A2417D /* Images.xcassets */,
				33C748461AB3441200A2417D /* LaunchScreen.xib */,
				33C748371AB3441200A2417D /* Supporting Files */,
			);
			path = AssesmentOne;
			sourceTree = "<group>";
		};
		33C748371AB3441200A2417D /* Supporting Files */ = {
			isa = PBXGroup;
			children = (
				33C748381AB3441200A2417D /* Info.plist */,
				33C748391AB3441200A2417D /* main.m */,
			);
			name = "Supporting Files";
			sourceTree = "<group>";
		};
		33C748501AB3441200A2417D /* AssesmentOneTests */ = {
			isa = PBXGroup;
			children = (
				33C748531AB3441200A2417D /* AssesmentOneTests.m */,
				33C748511AB3441200A2417D /* Supporting Files */,
			);
			path = AssesmentOneTests;
			sourceTree = "<group>";
		};
		33C748511AB3441200A2417D /* Supporting Files */ = {
			isa = PBXGroup;
			children = (
				33C748521AB3441200A2417D /* Info.plist */,
			);
			name = "Supporting Files";
			sourceTree = "<group>";
		};
/* End PBXGroup section */

/* Begin PBXNativeTarget section */
		33C748331AB3441200A2417D /* AssesmentOne */ = {
			isa = PBXNativeTarget;
			buildConfigurationList = 33C748571AB3441200A2417D /* Build configuration list for PBXNativeTarget "AssesmentOne" */;
			buildPhases = (
				33C748301AB3441200A2417D /* Sources */,
				33C748311AB3441200A2417D /* Frameworks */,
				33C748321AB3441200A2417D /* Resources */,
			);
			buildRules = (
			);
			dependencies = (
			);
			name = AssesmentOne;
			productName = AssesmentOne;
			productReference = 33C748341AB3441200A2417D /* AssesmentOne.app */;
			productType = "com.apple.product-type.application";
		};
		33C7484C1AB3441200A2417D /* AssesmentOneTests */ = {
			isa = PBXNativeTarget;
			buildConfigurationList = 33C7485A1AB3441200A2417D /* Build configuration list for PBXNativeTarget "AssesmentOneTests" */;
			buildPhases = (
				33C748491AB3441200A2417D /* Sources */,
				33C7484A1AB3441200A2417D /* Frameworks */,
				33C7484B1AB3441200A2417D /* Resources */,
			);
			buildRules = (
			);
			dependencies = (
				33C7484F1AB3441200A2417D /* PBXTargetDependency */,
			);
			name = AssesmentOneTests;
			productName = AssesmentOneTests;
			productReference = 33C7484D1AB3441200A2417D /* AssesmentOneTests.xctest */;
			productType = "com.apple.product-type.bundle.unit-test";
		};
/* End PBXNativeTarget section */

/* Begin PBXProject section */
		33C7482C1AB3441200A2417D /* Project object */ = {
			isa = PBXProject;
			attributes = {
				LastUpgradeCheck = 0610;
				ORGANIZATIONNAME = "Justin Haar";
				TargetAttributes = {
					33C748331AB3441200A2417D = {
						CreatedOnToolsVersion = 6.1.1;
					};
					33C7484C1AB3441200A2417D = {
						CreatedOnToolsVersion = 6.1.1;
						TestTargetID = 33C748331AB3441200A2417D;
					};
				};
			};
			buildConfigurationList = 33C7482F1AB3441200A2417D /* Build configuration list for PBXProject "AssesmentOne" */;
			compatibilityVersion = "Xcode 3.2";
			developmentRegion = English;
			hasScannedForEncodings = 0;
			knownRegions = (
				en,
				Base,
			);
			mainGroup = 33C7482B1AB3441200A2417D;
			productRefGroup = 33C748351AB3441200A2417D /* Products */;
			projectDirPath = "";
			projectRoot = "";
			targets = (
				33C748331AB3441200A2417D /* AssesmentOne */,
				33C7484C1AB3441200A2417D /* AssesmentOneTests */,
			);
		};
/* End PBXProject section */

/* Begin PBXResourcesBuildPhase section */
		33C748321AB3441200A2417D /* Resources */ = {
			isa = PBXResourcesBuildPhase;
			buildActionMask = 2147483647;
			files = (
				33C748431AB3441200A2417D /* Main.storyboard in Resources */,
				33C748481AB3441200A2417D /* LaunchScreen.xib in Resources */,
				33C748451AB3441200A2417D /* Images.xcassets in Resources */,
			);
			runOnlyForDeploymentPostprocessing = 0;
		};
		33C7484B1AB3441200A2417D /* Resources */ = {
			isa = PBXResourcesBuildPhase;
			buildActionMask = 2147483647;
			files = (
			);
			runOnlyForDeploymentPostprocessing = 0;
		};
/* End PBXResourcesBuildPhase section */

/* Begin PBXSourcesBuildPhase section */
		33C748301AB3441200A2417D /* Sources */ = {
			isa = PBXSourcesBuildPhase;
			buildActionMask = 2147483647;
			files = (
				33C748401AB3441200A2417D /* ViewController.m in Sources */,
				33C7483D1AB3441200A2417D /* AppDelegate.m in Sources */,
				33C7483A1AB3441200A2417D /* main.m in Sources */,
			);
			runOnlyForDeploymentPostprocessing = 0;
		};
		33C748491AB3441200A2417D /* Sources */ = {
			isa = PBXSourcesBuildPhase;
			buildActionMask = 2147483647;
			files = (
				33C748541AB3441200A2417D /* AssesmentOneTests.m in Sources */,
			);
			runOnlyForDeploymentPostprocessing = 0;
		};
/* End PBXSourcesBuildPhase section */

/* Begin PBXTargetDependency section */
		33C7484F1AB3441200A2417D /* PBXTargetDependency */ = {
			isa = PBXTargetDependency;
			target = 33C748331AB3441200A2417D /* AssesmentOne */;
			targetProxy = 33C7484E1AB3441200A2417D /* PBXContainerItemProxy */;
		};
/* End PBXTargetDependency section */

/* Begin PBXVariantGroup section */
		33C748411AB3441200A2417D /* Main.storyboard */ = {
			isa = PBXVariantGroup;
			children = (
				33C748421AB3441200A2417D /* Base */,
			);
			name = Main.storyboard;
			sourceTree = "<group>";
		};
		33C748461AB3441200A2417D /* LaunchScreen.xib */ = {
			isa = PBXVariantGroup;
			children = (
				33C748471AB3441200A2417D /* Base */,
			);
			name = LaunchScreen.xib;
			sourceTree = "<group>";
		};
/* End PBXVariantGroup section */

/* Begin XCBuildConfiguration section */
		33C748551AB3441200A2417D /* Debug */ = {
			isa = XCBuildConfiguration;
			buildSettings = {
				ALWAYS_SEARCH_USER_PATHS = NO;
				CLANG_CXX_LANGUAGE_STANDARD = "gnu++0x";
				CLANG_CXX_LIBRARY = "libc++";
				CLANG_ENABLE_MODULES = YES;
				CLANG_ENABLE_OBJC_ARC = YES;
				CLANG_WARN_BOOL_CONVERSION = YES;
				CLANG_WARN_CONSTANT_CONVERSION = YES;
				CLANG_WARN_DIRECT_OBJC_ISA_USAGE = YES_ERROR;
				CLANG_WARN_EMPTY_BODY = YES;
				CLANG_WARN_ENUM_CONVERSION = YES;
				CLANG_WARN_INT_CONVERSION = YES;
				CLANG_WARN_OBJC_ROOT_CLASS = YES_ERROR;
				CLANG_WARN_UNREACHABLE_CODE = YES;
				CLANG_WARN__DUPLICATE_METHOD_MATCH = YES;
				"CODE_SIGN_IDENTITY[sdk=iphoneos*]" = "iPhone Developer";
				COPY_PHASE_STRIP = NO;
				ENABLE_STRICT_OBJC_MSGSEND = YES;
				GCC_C_LANGUAGE_STANDARD = gnu99;
				GCC_DYNAMIC_NO_PIC = NO;
				GCC_OPTIMIZATION_LEVEL = 0;
				GCC_PREPROCESSOR_DEFINITIONS = (
					"DEBUG=1",
					"$(inherited)",
				);
				GCC_SYMBOLS_PRIVATE_EXTERN = NO;
				GCC_WARN_64_TO_32_BIT_CONVERSION = YES;
				GCC_WARN_ABOUT_RETURN_TYPE = YES_ERROR;
				GCC_WARN_UNDECLARED_SELECTOR = YES;
				GCC_WARN_UNINITIALIZED_AUTOS = YES_AGGRESSIVE;
				GCC_WARN_UNUSED_FUNCTION = YES;
				GCC_WARN_UNUSED_VARIABLE = YES;
				IPHONEOS_DEPLOYMENT_TARGET = 8.1;
				MTL_ENABLE_DEBUG_INFO = YES;
				ONLY_ACTIVE_ARCH = YES;
				SDKROOT = iphoneos;
			};
			name = Debug;
		};
		33C748561AB3441200A2417D /* Release */ = {
			isa = XCBuildConfiguration;
			buildSettings = {
				ALWAYS_SEARCH_USER_PATHS = NO;
				CLANG_CXX_LANGUAGE_STANDARD = "gnu++0x";
				CLANG_CXX_LIBRARY = "libc++";
				CLANG_ENABLE_MODULES = YES;
				CLANG_ENABLE_OBJC_ARC = YES;
				CLANG_WARN_BOOL_CONVERSION = YES;
				CLANG_WARN_CONSTANT_CONVERSION = YES;
				CLANG_WARN_DIRECT_OBJC_ISA_USAGE = YES_ERROR;
				CLANG_WARN_EMPTY_BODY = YES;
				CLANG_WARN_ENUM_CONVERSION = YES;
				CLANG_WARN_INT_CONVERSION = YES;
				CLANG_WARN_OBJC_ROOT_CLASS = YES_ERROR;
				CLANG_WARN_UNREACHABLE_CODE = YES;
				CLANG_WARN__DUPLICATE_METHOD_MATCH = YES;
				"CODE_SIGN_IDENTITY[sdk=iphoneos*]" = "iPhone Developer";
				COPY_PHASE_STRIP = YES;
				ENABLE_NS_ASSERTIONS = NO;
				ENABLE_STRICT_OBJC_MSGSEND = YES;
				GCC_C_LANGUAGE_STANDARD = gnu99;
				GCC_WARN_64_TO_32_BIT_CONVERSION = YES;
				GCC_WARN_ABOUT_RETURN_TYPE = YES_ERROR;
				GCC_WARN_UNDECLARED_SELECTOR = YES;
				GCC_WARN_UNINITIALIZED_AUTOS = YES_AGGRESSIVE;
				GCC_WARN_UNUSED_FUNCTION = YES;
				GCC_WARN_UNUSED_VARIABLE = YES;
				IPHONEOS_DEPLOYMENT_TARGET = 8.1;
				MTL_ENABLE_DEBUG_INFO = NO;
				SDKROOT = iphoneos;
				VALIDATE_PRODUCT = YES;
			};
			name = Release;
		};
		33C748581AB3441200A2417D /* Debug */ = {
			isa = XCBuildConfiguration;
			buildSettings = {
				ASSETCATALOG_COMPILER_APPICON_NAME = AppIcon;
				INFOPLIST_FILE = AssesmentOne/Info.plist;
				LD_RUNPATH_SEARCH_PATHS = "$(inherited) @executable_path/Frameworks";
				PRODUCT_NAME = "$(TARGET_NAME)";
			};
			name = Debug;
		};
		33C748591AB3441200A2417D /* Release */ = {
			isa = XCBuildConfiguration;
			buildSettings = {
				ASSETCATALOG_COMPILER_APPICON_NAME = AppIcon;
				INFOPLIST_FILE = AssesmentOne/Info.plist;
				LD_RUNPATH_SEARCH_PATHS = "$(inherited) @executable_path/Frameworks";
				PRODUCT_NAME = "$(TARGET_NAME)";
			};
			name = Release;
		};
		33C7485B1AB3441200A2417D /* Debug */ = {
			isa = XCBuildConfiguration;
			buildSettings = {
				BUNDLE_LOADER = "$(TEST_HOST)";
				FRAMEWORK_SEARCH_PATHS = (
					"$(SDKROOT)/Developer/Library/Frameworks",
					"$(inherited)",
				);
				GCC_PREPROCESSOR_DEFINITIONS = (
					"DEBUG=1",
					"$(inherited)",
				);
				INFOPLIST_FILE = AssesmentOneTests/Info.plist;
				LD_RUNPATH_SEARCH_PATHS = "$(inherited) @executable_path/Frameworks @loader_path/Frameworks";
				PRODUCT_NAME = "$(TARGET_NAME)";
				TEST_HOST = "$(BUILT_PRODUCTS_DIR)/AssesmentOne.app/AssesmentOne";
			};
			name = Debug;
		};
		33C7485C1AB3441200A2417D /* Release */ = {
			isa = XCBuildConfiguration;
			buildSettings = {
				BUNDLE_LOADER = "$(TEST_HOST)";
				FRAMEWORK_SEARCH_PATHS = (
					"$(SDKROOT)/Developer/Library/Frameworks",
					"$(inherited)",
				);
				INFOPLIST_FILE = AssesmentOneTests/Info.plist;
				LD_RUNPATH_SEARCH_PATHS = "$(inherited) @executable_path/Frameworks @loader_path/Frameworks";
				PRODUCT_NAME = "$(TARGET_NAME)";
				TEST_HOST = "$(BUILT_PRODUCTS_DIR)/AssesmentOne.app/AssesmentOne";
			};
			name = Release;
		};
/* End XCBuildConfiguration section */

/* Begin XCConfigurationList section */
		33C7482F1AB3441200A2417D /* Build configuration list for PBXProject "AssesmentOne" */ = {
			isa = XCConfigurationList;
			buildConfigurations = (
				33C748551AB3441200A2417D /* Debug */,
				33C748561AB3441200A2417D /* Release */,
			);
			defaultConfigurationIsVisible = 0;
			defaultConfigurationName = Release;
		};
		33C748571AB3441200A2417D /* Build configuration list for PBXNativeTarget "AssesmentOne" */ = {
			isa = XCConfigurationList;
			buildConfigurations = (
				33C748581AB3441200A2417D /* Debug */,
				33C748591AB3441200A2417D /* Release */,
			);
			defaultConfigurationIsVisible = 0;
		};
		33C7485A1AB3441200A2417D /* Build configuration list for PBXNativeTarget "AssesmentOneTests" */ = {
			isa = XCConfigurationList;
			buildConfigurations = (
				33C7485B1AB3441200A2417D /* Debug */,
				33C7485C1AB3441200A2417D /* Release */,
			);
			defaultConfigurationIsVisible = 0;
		};
/* End XCConfigurationList section */
	};
	rootObject = 33C7482C1AB3441200A2417D /* Project object */;
}
